
Microsoft Visual Studio Solution File, Format Version 12.00
# Visual Studio Version 16
VisualStudioVersion = 16.0.35229.62
MinimumVisualStudioVersion = 10.0.40219.1
Project("{2150E333-8FDC-42A3-9474-1A3956D46DE8}") = "Task0", "Task0", "{AB79340B-002F-4A3A-90D1-10542661BD8A}"
EndProject
Project("{FAE04EC0-301F-11D3-BF4B-00C04F79EFBC}") = "Tyuiu.YusupovS.Sprint0.Task0.V0", "Tyuiu.YusupovS.Sprint0.Task0.V0\Tyuiu.YusupovS.Sprint0.Task0.V0.csproj", "{8443BFD3-8313-45A2-9566-15813E7BB2AE}"
EndProject
Global
	GlobalSection(SolutionConfigurationPlatforms) = preSolution
		Debug|Any CPU = Debug|Any CPU
		Release|Any CPU = Release|Any CPU
	EndGlobalSection
	GlobalSection(ProjectConfigurationPlatforms) = postSolution
		{8443BFD3-8313-45A2-9566-15813E7BB2AE}.Debug|Any CPU.ActiveCfg = Debug|Any CPU
		{8443BFD3-8313-45A2-9566-15813E7BB2AE}.Debug|Any CPU.Build.0 = Debug|Any CPU
		{8443BFD3-8313-45A2-9566-15813E7BB2AE}.Release|Any CPU.ActiveCfg = Release|Any CPU
		{8443BFD3-8313-45A2-9566-15813E7BB2AE}.Release|Any CPU.Build.0 = Release|Any CPU
	EndGlobalSection
	GlobalSection(SolutionProperties) = preSolution
		HideSolutionNode = FALSE
	EndGlobalSection
	GlobalSection(NestedProjects) = preSolution
		{8443BFD3-8313-45A2-9566-15813E7BB2AE} = {AB79340B-002F-4A3A-90D1-10542661BD8A}
	EndGlobalSection
	GlobalSection(ExtensibilityGlobals) = postSolution
		SolutionGuid = {5CB40FEE-C370-464C-8B88-6FD567015E41}
	EndGlobalSection
EndGlobal
